
Microsoft Visual Studio Solution File, Format Version 12.00
# Visual Studio 2013
VisualStudioVersion = 12.0.21005.1
MinimumVisualStudioVersion = 10.0.40219.1
Project("{FAE04EC0-301F-11D3-BF4B-00C04F79EFBC}") = "BookStore", "BookStore\BookStore.csproj", "{1F973A24-68DC-496B-ACE3-3B177A8E0054}"
EndProject
Project("{FAE04EC0-301F-11D3-BF4B-00C04F79EFBC}") = "BookStoreTests", "BookStoreTests\BookStoreTests.csproj", "{543DE3CF-76C0-4D19-AE5B-DE30AA7520B4}"
EndProject
Global
	GlobalSection(SolutionConfigurationPlatforms) = preSolution
		Debug|Any CPU = Debug|Any CPU
		Release|Any CPU = Release|Any CPU
	EndGlobalSection
	GlobalSection(ProjectConfigurationPlatforms) = postSolution
		{1F973A24-68DC-496B-ACE3-3B177A8E0054}.Debug|Any CPU.ActiveCfg = Debug|Any CPU
		{1F973A24-68DC-496B-ACE3-3B177A8E0054}.Debug|Any CPU.Build.0 = Debug|Any CPU
		{1F973A24-68DC-496B-ACE3-3B177A8E0054}.Release|Any CPU.ActiveCfg = Release|Any CPU
		{1F973A24-68DC-496B-ACE3-3B177A8E0054}.Release|Any CPU.Build.0 = Release|Any CPU
		{543DE3CF-76C0-4D19-AE5B-DE30AA7520B4}.Debug|Any CPU.ActiveCfg = Debug|Any CPU
		{543DE3CF-76C0-4D19-AE5B-DE30AA7520B4}.Debug|Any CPU.Build.0 = Debug|Any CPU
		{543DE3CF-76C0-4D19-AE5B-DE30AA7520B4}.Release|Any CPU.ActiveCfg = Release|Any CPU
		{543DE3CF-76C0-4D19-AE5B-DE30AA7520B4}.Release|Any CPU.Build.0 = Release|Any CPU
	EndGlobalSection
	GlobalSection(SolutionProperties) = preSolution
		HideSolutionNode = FALSE
	EndGlobalSection
EndGlobal
